{
  "nodes": {
    "nixpkgs": {
      "locked": {
        "lastModified": 1733348545,
        "narHash": "sha256-b4JrUmqT0vFNx42aEN9LTWOHomkTKL/ayLopflVf81U=",
        "owner": "NixOS",
        "repo": "nixpkgs",
        "rev": "9ecb50d2fae8680be74c08bb0a995c5383747f89",
        "type": "github"
      },
      "original": {
        "owner": "NixOS",
        "ref": "nixos-24.11-small",
        "repo": "nixpkgs",
        "type": "github"
      }
    },
    "root": {
      "inputs": {
        "nixpkgs": "nixpkgs"
      }
    }
  },
  "root": "root",
  "version": 7
}
